
Microsoft Visual Studio Solution File, Format Version 12.00
# Visual Studio Version 16
VisualStudioVersion = 16.0.31515.178
MinimumVisualStudioVersion = 10.0.40219.1
Project("{FAE04EC0-301F-11D3-BF4B-00C04F79EFBC}") = "4InARowGame", "4InARowGame\4InARowGame.csproj", "{A0D79FAA-BF44-47F2-84A3-C0095EDA0C62}"
EndProject
Global
	GlobalSection(SolutionConfigurationPlatforms) = preSolution
		Debug|Any CPU = Debug|Any CPU
		Release|Any CPU = Release|Any CPU
	EndGlobalSection
	GlobalSection(ProjectConfigurationPlatforms) = postSolution
		{A0D79FAA-BF44-47F2-84A3-C0095EDA0C62}.Debug|Any CPU.ActiveCfg = Debug|Any CPU
		{A0D79FAA-BF44-47F2-84A3-C0095EDA0C62}.Debug|Any CPU.Build.0 = Debug|Any CPU
		{A0D79FAA-BF44-47F2-84A3-C0095EDA0C62}.Release|Any CPU.ActiveCfg = Release|Any CPU
		{A0D79FAA-BF44-47F2-84A3-C0095EDA0C62}.Release|Any CPU.Build.0 = Release|Any CPU
	EndGlobalSection
	GlobalSection(SolutionProperties) = preSolution
		HideSolutionNode = FALSE
	EndGlobalSection
	GlobalSection(ExtensibilityGlobals) = postSolution
		SolutionGuid = {EFD403FB-F830-4D05-A4FE-86CFFDD4AEE3}
	EndGlobalSection
EndGlobal
