
Microsoft Visual Studio Solution File, Format Version 12.00
# Visual Studio Version 16
VisualStudioVersion = 16.0.31515.178
MinimumVisualStudioVersion = 10.0.40219.1
Project("{FAE04EC0-301F-11D3-BF4B-00C04F79EFBC}") = "C21Ex_01_1", "C21Ex_01_1\C21Ex_01_1.csproj", "{4D902031-2E5A-4426-9252-81F0055070E8}"
EndProject
Project("{FAE04EC0-301F-11D3-BF4B-00C04F79EFBC}") = "C21Ex01_2", "C21Ex01_2\C21Ex01_2.csproj", "{FB0F77B4-03D7-494F-9A88-71D71F62C10D}"
EndProject
Project("{FAE04EC0-301F-11D3-BF4B-00C04F79EFBC}") = "C21Ex01_3", "C21Ex01_3\C21Ex01_3.csproj", "{B04C08EB-6CCA-400F-A7F1-C45F94A1FC1A}"
EndProject
Project("{FAE04EC0-301F-11D3-BF4B-00C04F79EFBC}") = "C21Ex01_4", "C21Ex01_4\C21Ex01_4.csproj", "{DA689B96-6A3F-4DA0-A232-F9DDF6D7C58B}"
EndProject
Project("{FAE04EC0-301F-11D3-BF4B-00C04F79EFBC}") = "C21Ex01_5", "C21Ex01_5\C21Ex01_5.csproj", "{4B7F38D1-9B56-454F-93EB-559AD680A263}"
EndProject
Global
	GlobalSection(SolutionConfigurationPlatforms) = preSolution
		Debug|Any CPU = Debug|Any CPU
		Release|Any CPU = Release|Any CPU
	EndGlobalSection
	GlobalSection(ProjectConfigurationPlatforms) = postSolution
		{4D902031-2E5A-4426-9252-81F0055070E8}.Debug|Any CPU.ActiveCfg = Debug|Any CPU
		{4D902031-2E5A-4426-9252-81F0055070E8}.Debug|Any CPU.Build.0 = Debug|Any CPU
		{4D902031-2E5A-4426-9252-81F0055070E8}.Release|Any CPU.ActiveCfg = Release|Any CPU
		{4D902031-2E5A-4426-9252-81F0055070E8}.Release|Any CPU.Build.0 = Release|Any CPU
		{FB0F77B4-03D7-494F-9A88-71D71F62C10D}.Debug|Any CPU.ActiveCfg = Debug|Any CPU
		{FB0F77B4-03D7-494F-9A88-71D71F62C10D}.Debug|Any CPU.Build.0 = Debug|Any CPU
		{FB0F77B4-03D7-494F-9A88-71D71F62C10D}.Release|Any CPU.ActiveCfg = Release|Any CPU
		{FB0F77B4-03D7-494F-9A88-71D71F62C10D}.Release|Any CPU.Build.0 = Release|Any CPU
		{B04C08EB-6CCA-400F-A7F1-C45F94A1FC1A}.Debug|Any CPU.ActiveCfg = Debug|Any CPU
		{B04C08EB-6CCA-400F-A7F1-C45F94A1FC1A}.Debug|Any CPU.Build.0 = Debug|Any CPU
		{B04C08EB-6CCA-400F-A7F1-C45F94A1FC1A}.Release|Any CPU.ActiveCfg = Release|Any CPU
		{B04C08EB-6CCA-400F-A7F1-C45F94A1FC1A}.Release|Any CPU.Build.0 = Release|Any CPU
		{DA689B96-6A3F-4DA0-A232-F9DDF6D7C58B}.Debug|Any CPU.ActiveCfg = Debug|Any CPU
		{DA689B96-6A3F-4DA0-A232-F9DDF6D7C58B}.Debug|Any CPU.Build.0 = Debug|Any CPU
		{DA689B96-6A3F-4DA0-A232-F9DDF6D7C58B}.Release|Any CPU.ActiveCfg = Release|Any CPU
		{DA689B96-6A3F-4DA0-A232-F9DDF6D7C58B}.Release|Any CPU.Build.0 = Release|Any CPU
		{4B7F38D1-9B56-454F-93EB-559AD680A263}.Debug|Any CPU.ActiveCfg = Debug|Any CPU
		{4B7F38D1-9B56-454F-93EB-559AD680A263}.Debug|Any CPU.Build.0 = Debug|Any CPU
		{4B7F38D1-9B56-454F-93EB-559AD680A263}.Release|Any CPU.ActiveCfg = Release|Any CPU
		{4B7F38D1-9B56-454F-93EB-559AD680A263}.Release|Any CPU.Build.0 = Release|Any CPU
	EndGlobalSection
	GlobalSection(SolutionProperties) = preSolution
		HideSolutionNode = FALSE
	EndGlobalSection
	GlobalSection(ExtensibilityGlobals) = postSolution
		SolutionGuid = {8BF40502-53B8-43E0-B973-C0879BF7E378}
	EndGlobalSection
EndGlobal
